// !$*UTF8*$!
{
	archiveVersion = 1;
	classes = {
	};
	objectVersion = 56;
	objects = {

/* Begin PBXBuildFile section */
		10C0D0C42BCE098300CCE543 /* ScentsApp.swift in Sources */ = {isa = PBXBuildFile; fileRef = 10C0D0C32BCE098300CCE543 /* ScentsApp.swift */; };
		10C0D0C62BCE098300CCE543 /* ContentView.swift in Sources */ = {isa = PBXBuildFile; fileRef = 10C0D0C52BCE098300CCE543 /* ContentView.swift */; };
		10C0D0C82BCE098400CCE543 /* Assets.xcassets in Resources */ = {isa = PBXBuildFile; fileRef = 10C0D0C72BCE098400CCE543 /* Assets.xcassets */; };
		10C0D0CB2BCE098400CCE543 /* Preview Assets.xcassets in Resources */ = {isa = PBXBuildFile; fileRef = 10C0D0CA2BCE098400CCE543 /* Preview Assets.xcassets */; };
		10C0D0D52BCE098400CCE543 /* ScentsTests.swift in Sources */ = {isa = PBXBuildFile; fileRef = 10C0D0D42BCE098400CCE543 /* ScentsTests.swift */; };
		10C0D0DF2BCE098400CCE543 /* ScentsUITests.swift in Sources */ = {isa = PBXBuildFile; fileRef = 10C0D0DE2BCE098400CCE543 /* ScentsUITests.swift */; };
		10C0D0E12BCE098400CCE543 /* ScentsUITestsLaunchTests.swift in Sources */ = {isa = PBXBuildFile; fileRef = 10C0D0E02BCE098400CCE543 /* ScentsUITestsLaunchTests.swift */; };
		10C0D0F02BCE30A000CCE543 /* GoogleService-Info.plist in Resources */ = {isa = PBXBuildFile; fileRef = 10C0D0EF2BCE30A000CCE543 /* GoogleService-Info.plist */; };
		10C0D0F32BCE311D00CCE543 /* FirebaseAnalytics in Frameworks */ = {isa = PBXBuildFile; productRef = 10C0D0F22BCE311D00CCE543 /* FirebaseAnalytics */; };
		10C0D0F52BCE311D00CCE543 /* FirebaseAnalyticsOnDeviceConversion in Frameworks */ = {isa = PBXBuildFile; productRef = 10C0D0F42BCE311D00CCE543 /* FirebaseAnalyticsOnDeviceConversion */; };
		10C0D0F72BCE311D00CCE543 /* FirebaseAnalyticsSwift in Frameworks */ = {isa = PBXBuildFile; productRef = 10C0D0F62BCE311D00CCE543 /* FirebaseAnalyticsSwift */; };
		10C0D0F92BCE311D00CCE543 /* FirebaseAnalyticsWithoutAdIdSupport in Frameworks */ = {isa = PBXBuildFile; productRef = 10C0D0F82BCE311D00CCE543 /* FirebaseAnalyticsWithoutAdIdSupport */; };
		10C0D0FB2BCE311D00CCE543 /* FirebaseAppCheck in Frameworks */ = {isa = PBXBuildFile; productRef = 10C0D0FA2BCE311D00CCE543 /* FirebaseAppCheck */; };
		10C0D0FD2BCE324700CCE543 /* DiscoveryView.swift in Sources */ = {isa = PBXBuildFile; fileRef = 10C0D0FC2BCE324700CCE543 /* DiscoveryView.swift */; };
		10C0D1052BCF29C200CCE543 /* ProfileView.swift in Sources */ = {isa = PBXBuildFile; fileRef = 10C0D1042BCF29C200CCE543 /* ProfileView.swift */; };
		10C0D1072BCF767200CCE543 /* SettingsView.swift in Sources */ = {isa = PBXBuildFile; fileRef = 10C0D1062BCF767200CCE543 /* SettingsView.swift */; };
		10C0D1092BCF7B5600CCE543 /* AuthViewModel.swift in Sources */ = {isa = PBXBuildFile; fileRef = 10C0D1082BCF7B5600CCE543 /* AuthViewModel.swift */; };
		10C0D10B2BCF7B8B00CCE543 /* LoginView.swift in Sources */ = {isa = PBXBuildFile; fileRef = 10C0D10A2BCF7B8B00CCE543 /* LoginView.swift */; };
/* End PBXBuildFile section */

/* Begin PBXContainerItemProxy section */
		10C0D0D12BCE098400CCE543 /* PBXContainerItemProxy */ = {
			isa = PBXContainerItemProxy;
			containerPortal = 10C0D0B82BCE098300CCE543 /* Project object */;
			proxyType = 1;
			remoteGlobalIDString = 10C0D0BF2BCE098300CCE543;
			remoteInfo = Scents;
		};
		10C0D0DB2BCE098400CCE543 /* PBXContainerItemProxy */ = {
			isa = PBXContainerItemProxy;
			containerPortal = 10C0D0B82BCE098300CCE543 /* Project object */;
			proxyType = 1;
			remoteGlobalIDString = 10C0D0BF2BCE098300CCE543;
			remoteInfo = Scents;
		};
/* End PBXContainerItemProxy section */

/* Begin PBXFileReference section */
		10C0D0C02BCE098300CCE543 /* Scents.app */ = {isa = PBXFileReference; explicitFileType = wrapper.application; includeInIndex = 0; path = Scents.app; sourceTree = BUILT_PRODUCTS_DIR; };
		10C0D0C32BCE098300CCE543 /* ScentsApp.swift */ = {isa = PBXFileReference; lastKnownFileType = sourcecode.swift; path = ScentsApp.swift; sourceTree = "<group>"; };
		10C0D0C52BCE098300CCE543 /* ContentView.swift */ = {isa = PBXFileReference; lastKnownFileType = sourcecode.swift; path = ContentView.swift; sourceTree = "<group>"; };
		10C0D0C72BCE098400CCE543 /* Assets.xcassets */ = {isa = PBXFileReference; lastKnownFileType = folder.assetcatalog; path = Assets.xcassets; sourceTree = "<group>"; };
		10C0D0CA2BCE098400CCE543 /* Preview Assets.xcassets */ = {isa = PBXFileReference; lastKnownFileType = folder.assetcatalog; path = "Preview Assets.xcassets"; sourceTree = "<group>"; };
		10C0D0D02BCE098400CCE543 /* ScentsTests.xctest */ = {isa = PBXFileReference; explicitFileType = wrapper.cfbundle; includeInIndex = 0; path = ScentsTests.xctest; sourceTree = BUILT_PRODUCTS_DIR; };
		10C0D0D42BCE098400CCE543 /* ScentsTests.swift */ = {isa = PBXFileReference; lastKnownFileType = sourcecode.swift; path = ScentsTests.swift; sourceTree = "<group>"; };
		10C0D0DA2BCE098400CCE543 /* ScentsUITests.xctest */ = {isa = PBXFileReference; explicitFileType = wrapper.cfbundle; includeInIndex = 0; path = ScentsUITests.xctest; sourceTree = BUILT_PRODUCTS_DIR; };
		10C0D0DE2BCE098400CCE543 /* ScentsUITests.swift */ = {isa = PBXFileReference; lastKnownFileType = sourcecode.swift; path = ScentsUITests.swift; sourceTree = "<group>"; };
		10C0D0E02BCE098400CCE543 /* ScentsUITestsLaunchTests.swift */ = {isa = PBXFileReference; lastKnownFileType = sourcecode.swift; path = ScentsUITestsLaunchTests.swift; sourceTree = "<group>"; };
		10C0D0EF2BCE30A000CCE543 /* GoogleService-Info.plist */ = {isa = PBXFileReference; fileEncoding = 4; lastKnownFileType = text.plist.xml; name = "GoogleService-Info.plist"; path = "../../../Downloads/GoogleService-Info.plist"; sourceTree = "<group>"; };
		10C0D0FC2BCE324700CCE543 /* DiscoveryView.swift */ = {isa = PBXFileReference; lastKnownFileType = sourcecode.swift; path = DiscoveryView.swift; sourceTree = "<group>"; };
		10C0D1042BCF29C200CCE543 /* ProfileView.swift */ = {isa = PBXFileReference; lastKnownFileType = sourcecode.swift; path = ProfileView.swift; sourceTree = "<group>"; };
		10C0D1062BCF767200CCE543 /* SettingsView.swift */ = {isa = PBXFileReference; lastKnownFileType = sourcecode.swift; path = SettingsView.swift; sourceTree = "<group>"; };
		10C0D1082BCF7B5600CCE543 /* AuthViewModel.swift */ = {isa = PBXFileReference; lastKnownFileType = sourcecode.swift; path = AuthViewModel.swift; sourceTree = "<group>"; };
		10C0D10A2BCF7B8B00CCE543 /* LoginView.swift */ = {isa = PBXFileReference; lastKnownFileType = sourcecode.swift; path = LoginView.swift; sourceTree = "<group>"; };
/* End PBXFileReference section */

/* Begin PBXFrameworksBuildPhase section */
		10C0D0BD2BCE098300CCE543 /* Frameworks */ = {
			isa = PBXFrameworksBuildPhase;
			buildActionMask = 2147483647;
			files = (
				10C0D0F72BCE311D00CCE543 /* FirebaseAnalyticsSwift in Frameworks */,
				10C0D0F32BCE311D00CCE543 /* FirebaseAnalytics in Frameworks */,
				10C0D0F52BCE311D00CCE543 /* FirebaseAnalyticsOnDeviceConversion in Frameworks */,
				10C0D0FB2BCE311D00CCE543 /* FirebaseAppCheck in Frameworks */,
				10C0D0F92BCE311D00CCE543 /* FirebaseAnalyticsWithoutAdIdSupport in Frameworks */,
			);
			runOnlyForDeploymentPostprocessing = 0;
		};
		10C0D0CD2BCE098400CCE543 /* Frameworks */ = {
			isa = PBXFrameworksBuildPhase;
			buildActionMask = 2147483647;
			files = (
			);
			runOnlyForDeploymentPostprocessing = 0;
		};
		10C0D0D72BCE098400CCE543 /* Frameworks */ = {
			isa = PBXFrameworksBuildPhase;
			buildActionMask = 2147483647;
			files = (
			);
			runOnlyForDeploymentPostprocessing = 0;
		};
/* End PBXFrameworksBuildPhase section */

/* Begin PBXGroup section */
		10C0D0B72BCE098300CCE543 = {
			isa = PBXGroup;
			children = (
				10C0D0C22BCE098300CCE543 /* Scents */,
				10C0D0D32BCE098400CCE543 /* ScentsTests */,
				10C0D0DD2BCE098400CCE543 /* ScentsUITests */,
				10C0D0C12BCE098300CCE543 /* Products */,
			);
			sourceTree = "<group>";
		};
		10C0D0C12BCE098300CCE543 /* Products */ = {
			isa = PBXGroup;
			children = (
				10C0D0C02BCE098300CCE543 /* Scents.app */,
				10C0D0D02BCE098400CCE543 /* ScentsTests.xctest */,
				10C0D0DA2BCE098400CCE543 /* ScentsUITests.xctest */,
			);
			name = Products;
			sourceTree = "<group>";
		};
		10C0D0C22BCE098300CCE543 /* Scents */ = {
			isa = PBXGroup;
			children = (
				10C0D0C32BCE098300CCE543 /* ScentsApp.swift */,
				10C0D0C52BCE098300CCE543 /* ContentView.swift */,
				10C0D0FC2BCE324700CCE543 /* DiscoveryView.swift */,
				10C0D1062BCF767200CCE543 /* SettingsView.swift */,
				10C0D1082BCF7B5600CCE543 /* AuthViewModel.swift */,
				10C0D1042BCF29C200CCE543 /* ProfileView.swift */,
				10C0D10A2BCF7B8B00CCE543 /* LoginView.swift */,
				10C0D0EF2BCE30A000CCE543 /* GoogleService-Info.plist */,
				10C0D0C72BCE098400CCE543 /* Assets.xcassets */,
				10C0D0C92BCE098400CCE543 /* Preview Content */,
			);
			path = Scents;
			sourceTree = "<group>";
		};
		10C0D0C92BCE098400CCE543 /* Preview Content */ = {
			isa = PBXGroup;
			children = (
				10C0D0CA2BCE098400CCE543 /* Preview Assets.xcassets */,
			);
			path = "Preview Content";
			sourceTree = "<group>";
		};
		10C0D0D32BCE098400CCE543 /* ScentsTests */ = {
			isa = PBXGroup;
			children = (
				10C0D0D42BCE098400CCE543 /* ScentsTests.swift */,
			);
			path = ScentsTests;
			sourceTree = "<group>";
		};
		10C0D0DD2BCE098400CCE543 /* ScentsUITests */ = {
			isa = PBXGroup;
			children = (
				10C0D0DE2BCE098400CCE543 /* ScentsUITests.swift */,
				10C0D0E02BCE098400CCE543 /* ScentsUITestsLaunchTests.swift */,
			);
			path = ScentsUITests;
			sourceTree = "<group>";
		};
/* End PBXGroup section */

/* Begin PBXNativeTarget section */
		10C0D0BF2BCE098300CCE543 /* Scents */ = {
			isa = PBXNativeTarget;
			buildConfigurationList = 10C0D0E42BCE098400CCE543 /* Build configuration list for PBXNativeTarget "Scents" */;
			buildPhases = (
				10C0D0BC2BCE098300CCE543 /* Sources */,
				10C0D0BD2BCE098300CCE543 /* Frameworks */,
				10C0D0BE2BCE098300CCE543 /* Resources */,
			);
			buildRules = (
			);
			dependencies = (
			);
			name = Scents;
			packageProductDependencies = (
				10C0D0F22BCE311D00CCE543 /* FirebaseAnalytics */,
				10C0D0F42BCE311D00CCE543 /* FirebaseAnalyticsOnDeviceConversion */,
				10C0D0F62BCE311D00CCE543 /* FirebaseAnalyticsSwift */,
				10C0D0F82BCE311D00CCE543 /* FirebaseAnalyticsWithoutAdIdSupport */,
				10C0D0FA2BCE311D00CCE543 /* FirebaseAppCheck */,
			);
			productName = Scents;
			productReference = 10C0D0C02BCE098300CCE543 /* Scents.app */;
			productType = "com.apple.product-type.application";
		};
		10C0D0CF2BCE098400CCE543 /* ScentsTests */ = {
			isa = PBXNativeTarget;
			buildConfigurationList = 10C0D0E72BCE098400CCE543 /* Build configuration list for PBXNativeTarget "ScentsTests" */;
			buildPhases = (
				10C0D0CC2BCE098400CCE543 /* Sources */,
				10C0D0CD2BCE098400CCE543 /* Frameworks */,
				10C0D0CE2BCE098400CCE543 /* Resources */,
			);
			buildRules = (
			);
			dependencies = (
				10C0D0D22BCE098400CCE543 /* PBXTargetDependency */,
			);
			name = ScentsTests;
			productName = ScentsTests;
			productReference = 10C0D0D02BCE098400CCE543 /* ScentsTests.xctest */;
			productType = "com.apple.product-type.bundle.unit-test";
		};
		10C0D0D92BCE098400CCE543 /* ScentsUITests */ = {
			isa = PBXNativeTarget;
			buildConfigurationList = 10C0D0EA2BCE098400CCE543 /* Build configuration list for PBXNativeTarget "ScentsUITests" */;
			buildPhases = (
				10C0D0D62BCE098400CCE543 /* Sources */,
				10C0D0D72BCE098400CCE543 /* Frameworks */,
				10C0D0D82BCE098400CCE543 /* Resources */,
			);
			buildRules = (
			);
			dependencies = (
				10C0D0DC2BCE098400CCE543 /* PBXTargetDependency */,
			);
			name = ScentsUITests;
			productName = ScentsUITests;
			productReference = 10C0D0DA2BCE098400CCE543 /* ScentsUITests.xctest */;
			productType = "com.apple.product-type.bundle.ui-testing";
		};
/* End PBXNativeTarget section */

/* Begin PBXProject section */
		10C0D0B82BCE098300CCE543 /* Project object */ = {
			isa = PBXProject;
			attributes = {
				BuildIndependentTargetsInParallel = 1;
				LastSwiftUpdateCheck = 1520;
				LastUpgradeCheck = 1520;
				TargetAttributes = {
					10C0D0BF2BCE098300CCE543 = {
						CreatedOnToolsVersion = 15.2;
					};
					10C0D0CF2BCE098400CCE543 = {
						CreatedOnToolsVersion = 15.2;
						TestTargetID = 10C0D0BF2BCE098300CCE543;
					};
					10C0D0D92BCE098400CCE543 = {
						CreatedOnToolsVersion = 15.2;
						TestTargetID = 10C0D0BF2BCE098300CCE543;
					};
				};
			};
			buildConfigurationList = 10C0D0BB2BCE098300CCE543 /* Build configuration list for PBXProject "Scents" */;
			compatibilityVersion = "Xcode 14.0";
			developmentRegion = en;
			hasScannedForEncodings = 0;
			knownRegions = (
				en,
				Base,
			);
			mainGroup = 10C0D0B72BCE098300CCE543;
			packageReferences = (
				10C0D0F12BCE311D00CCE543 /* XCRemoteSwiftPackageReference "firebase-ios-sdk" */,
			);
			productRefGroup = 10C0D0C12BCE098300CCE543 /* Products */;
			projectDirPath = "";
			projectRoot = "";
			targets = (
				10C0D0BF2BCE098300CCE543 /* Scents */,
				10C0D0CF2BCE098400CCE543 /* ScentsTests */,
				10C0D0D92BCE098400CCE543 /* ScentsUITests */,
			);
		};
/* End PBXProject section */

/* Begin PBXResourcesBuildPhase section */
		10C0D0BE2BCE098300CCE543 /* Resources */ = {
			isa = PBXResourcesBuildPhase;
			buildActionMask = 2147483647;
			files = (
				10C0D0CB2BCE098400CCE543 /* Preview Assets.xcassets in Resources */,
				10C0D0C82BCE098400CCE543 /* Assets.xcassets in Resources */,
				10C0D0F02BCE30A000CCE543 /* GoogleService-Info.plist in Resources */,
			);
			runOnlyForDeploymentPostprocessing = 0;
		};
		10C0D0CE2BCE098400CCE543 /* Resources */ = {
			isa = PBXResourcesBuildPhase;
			buildActionMask = 2147483647;
			files = (
			);
			runOnlyForDeploymentPostprocessing = 0;
		};
		10C0D0D82BCE098400CCE543 /* Resources */ = {
			isa = PBXResourcesBuildPhase;
			buildActionMask = 2147483647;
			files = (
			);
			runOnlyForDeploymentPostprocessing = 0;
		};
/* End PBXResourcesBuildPhase section */

/* Begin PBXSourcesBuildPhase section */
		10C0D0BC2BCE098300CCE543 /* Sources */ = {
			isa = PBXSourcesBuildPhase;
			buildActionMask = 2147483647;
			files = (
				10C0D1072BCF767200CCE543 /* SettingsView.swift in Sources */,
				10C0D10B2BCF7B8B00CCE543 /* LoginView.swift in Sources */,
				10C0D1052BCF29C200CCE543 /* ProfileView.swift in Sources */,
				10C0D1092BCF7B5600CCE543 /* AuthViewModel.swift in Sources */,
				10C0D0C62BCE098300CCE543 /* ContentView.swift in Sources */,
				10C0D0FD2BCE324700CCE543 /* DiscoveryView.swift in Sources */,
				10C0D0C42BCE098300CCE543 /* ScentsApp.swift in Sources */,
			);
			runOnlyForDeploymentPostprocessing = 0;
		};
		10C0D0CC2BCE098400CCE543 /* Sources */ = {
			isa = PBXSourcesBuildPhase;
			buildActionMask = 2147483647;
			files = (
				10C0D0D52BCE098400CCE543 /* ScentsTests.swift in Sources */,
			);
			runOnlyForDeploymentPostprocessing = 0;
		};
		10C0D0D62BCE098400CCE543 /* Sources */ = {
			isa = PBXSourcesBuildPhase;
			buildActionMask = 2147483647;
			files = (
				10C0D0E12BCE098400CCE543 /* ScentsUITestsLaunchTests.swift in Sources */,
				10C0D0DF2BCE098400CCE543 /* ScentsUITests.swift in Sources */,
			);
			runOnlyForDeploymentPostprocessing = 0;
		};
/* End PBXSourcesBuildPhase section */

/* Begin PBXTargetDependency section */
		10C0D0D22BCE098400CCE543 /* PBXTargetDependency */ = {
			isa = PBXTargetDependency;
			target = 10C0D0BF2BCE098300CCE543 /* Scents */;
			targetProxy = 10C0D0D12BCE098400CCE543 /* PBXContainerItemProxy */;
		};
		10C0D0DC2BCE098400CCE543 /* PBXTargetDependency */ = {
			isa = PBXTargetDependency;
			target = 10C0D0BF2BCE098300CCE543 /* Scents */;
			targetProxy = 10C0D0DB2BCE098400CCE543 /* PBXContainerItemProxy */;
		};
/* End PBXTargetDependency section */

/* Begin XCBuildConfiguration section */
		10C0D0E22BCE098400CCE543 /* Debug */ = {
			isa = XCBuildConfiguration;
			buildSettings = {
				ALWAYS_SEARCH_USER_PATHS = NO;
				ASSETCATALOG_COMPILER_GENERATE_SWIFT_ASSET_SYMBOL_EXTENSIONS = YES;
				CLANG_ANALYZER_NONNULL = YES;
				CLANG_ANALYZER_NUMBER_OBJECT_CONVERSION = YES_AGGRESSIVE;
				CLANG_CXX_LANGUAGE_STANDARD = "gnu++20";
				CLANG_ENABLE_MODULES = YES;
				CLANG_ENABLE_OBJC_ARC = YES;
				CLANG_ENABLE_OBJC_WEAK = YES;
				CLANG_WARN_BLOCK_CAPTURE_AUTORELEASING = YES;
				CLANG_WARN_BOOL_CONVERSION = YES;
				CLANG_WARN_COMMA = YES;
				CLANG_WARN_CONSTANT_CONVERSION = YES;
				CLANG_WARN_DEPRECATED_OBJC_IMPLEMENTATIONS = YES;
				CLANG_WARN_DIRECT_OBJC_ISA_USAGE = YES_ERROR;
				CLANG_WARN_DOCUMENTATION_COMMENTS = YES;
				CLANG_WARN_EMPTY_BODY = YES;
				CLANG_WARN_ENUM_CONVERSION = YES;
				CLANG_WARN_INFINITE_RECURSION = YES;
				CLANG_WARN_INT_CONVERSION = YES;
				CLANG_WARN_NON_LITERAL_NULL_CONVERSION = YES;
				CLANG_WARN_OBJC_IMPLICIT_RETAIN_SELF = YES;
				CLANG_WARN_OBJC_LITERAL_CONVERSION = YES;
				CLANG_WARN_OBJC_ROOT_CLASS = YES_ERROR;
				CLANG_WARN_QUOTED_INCLUDE_IN_FRAMEWORK_HEADER = YES;
				CLANG_WARN_RANGE_LOOP_ANALYSIS = YES;
				CLANG_WARN_STRICT_PROTOTYPES = YES;
				CLANG_WARN_SUSPICIOUS_MOVE = YES;
				CLANG_WARN_UNGUARDED_AVAILABILITY = YES_AGGRESSIVE;
				CLANG_WARN_UNREACHABLE_CODE = YES;
				CLANG_WARN__DUPLICATE_METHOD_MATCH = YES;
				COPY_PHASE_STRIP = NO;
				DEBUG_INFORMATION_FORMAT = dwarf;
				ENABLE_STRICT_OBJC_MSGSEND = YES;
				ENABLE_TESTABILITY = YES;
				ENABLE_USER_SCRIPT_SANDBOXING = YES;
				GCC_C_LANGUAGE_STANDARD = gnu17;
				GCC_DYNAMIC_NO_PIC = NO;
				GCC_NO_COMMON_BLOCKS = YES;
				GCC_OPTIMIZATION_LEVEL = 0;
				GCC_PREPROCESSOR_DEFINITIONS = (
					"DEBUG=1",
					"$(inherited)",
				);
				GCC_WARN_64_TO_32_BIT_CONVERSION = YES;
				GCC_WARN_ABOUT_RETURN_TYPE = YES_ERROR;
				GCC_WARN_UNDECLARED_SELECTOR = YES;
				GCC_WARN_UNINITIALIZED_AUTOS = YES_AGGRESSIVE;
				GCC_WARN_UNUSED_FUNCTION = YES;
				GCC_WARN_UNUSED_VARIABLE = YES;
				IPHONEOS_DEPLOYMENT_TARGET = 17.2;
				LOCALIZATION_PREFERS_STRING_CATALOGS = YES;
				MTL_ENABLE_DEBUG_INFO = INCLUDE_SOURCE;
				MTL_FAST_MATH = YES;
				ONLY_ACTIVE_ARCH = YES;
				SDKROOT = iphoneos;
				SWIFT_ACTIVE_COMPILATION_CONDITIONS = "DEBUG $(inherited)";
				SWIFT_OPTIMIZATION_LEVEL = "-Onone";
			};
			name = Debug;
		};
		10C0D0E32BCE098400CCE543 /* Release */ = {
			isa = XCBuildConfiguration;
			buildSettings = {
				ALWAYS_SEARCH_USER_PATHS = NO;
				ASSETCATALOG_COMPILER_GENERATE_SWIFT_ASSET_SYMBOL_EXTENSIONS = YES;
				CLANG_ANALYZER_NONNULL = YES;
				CLANG_ANALYZER_NUMBER_OBJECT_CONVERSION = YES_AGGRESSIVE;
				CLANG_CXX_LANGUAGE_STANDARD = "gnu++20";
				CLANG_ENABLE_MODULES = YES;
				CLANG_ENABLE_OBJC_ARC = YES;
				CLANG_ENABLE_OBJC_WEAK = YES;
				CLANG_WARN_BLOCK_CAPTURE_AUTORELEASING = YES;
				CLANG_WARN_BOOL_CONVERSION = YES;
				CLANG_WARN_COMMA = YES;
				CLANG_WARN_CONSTANT_CONVERSION = YES;
				CLANG_WARN_DEPRECATED_OBJC_IMPLEMENTATIONS = YES;
				CLANG_WARN_DIRECT_OBJC_ISA_USAGE = YES_ERROR;
				CLANG_WARN_DOCUMENTATION_COMMENTS = YES;
				CLANG_WARN_EMPTY_BODY = YES;
				CLANG_WARN_ENUM_CONVERSION = YES;
				CLANG_WARN_INFINITE_RECURSION = YES;
				CLANG_WARN_INT_CONVERSION = YES;
				CLANG_WARN_NON_LITERAL_NULL_CONVERSION = YES;
				CLANG_WARN_OBJC_IMPLICIT_RETAIN_SELF = YES;
				CLANG_WARN_OBJC_LITERAL_CONVERSION = YES;
				CLANG_WARN_OBJC_ROOT_CLASS = YES_ERROR;
				CLANG_WARN_QUOTED_INCLUDE_IN_FRAMEWORK_HEADER = YES;
				CLANG_WARN_RANGE_LOOP_ANALYSIS = YES;
				CLANG_WARN_STRICT_PROTOTYPES = YES;
				CLANG_WARN_SUSPICIOUS_MOVE = YES;
				CLANG_WARN_UNGUARDED_AVAILABILITY = YES_AGGRESSIVE;
				CLANG_WARN_UNREACHABLE_CODE = YES;
				CLANG_WARN__DUPLICATE_METHOD_MATCH = YES;
				COPY_PHASE_STRIP = NO;
				DEBUG_INFORMATION_FORMAT = "dwarf-with-dsym";
				ENABLE_NS_ASSERTIONS = NO;
				ENABLE_STRICT_OBJC_MSGSEND = YES;
				ENABLE_USER_SCRIPT_SANDBOXING = YES;
				GCC_C_LANGUAGE_STANDARD = gnu17;
				GCC_NO_COMMON_BLOCKS = YES;
				GCC_WARN_64_TO_32_BIT_CONVERSION = YES;
				GCC_WARN_ABOUT_RETURN_TYPE = YES_ERROR;
				GCC_WARN_UNDECLARED_SELECTOR = YES;
				GCC_WARN_UNINITIALIZED_AUTOS = YES_AGGRESSIVE;
				GCC_WARN_UNUSED_FUNCTION = YES;
				GCC_WARN_UNUSED_VARIABLE = YES;
				IPHONEOS_DEPLOYMENT_TARGET = 17.2;
				LOCALIZATION_PREFERS_STRING_CATALOGS = YES;
				MTL_ENABLE_DEBUG_INFO = NO;
				MTL_FAST_MATH = YES;
				SDKROOT = iphoneos;
				SWIFT_COMPILATION_MODE = wholemodule;
				VALIDATE_PRODUCT = YES;
			};
			name = Release;
		};
		10C0D0E52BCE098400CCE543 /* Debug */ = {
			isa = XCBuildConfiguration;
			buildSettings = {
				ASSETCATALOG_COMPILER_APPICON_NAME = AppIcon;
				ASSETCATALOG_COMPILER_GLOBAL_ACCENT_COLOR_NAME = AccentColor;
				CODE_SIGN_STYLE = Automatic;
				CURRENT_PROJECT_VERSION = 1;
				DEVELOPMENT_ASSET_PATHS = "\"Scents/Preview Content\"";
				ENABLE_PREVIEWS = YES;
				GENERATE_INFOPLIST_FILE = YES;
				INFOPLIST_KEY_UIApplicationSceneManifest_Generation = YES;
				INFOPLIST_KEY_UIApplicationSupportsIndirectInputEvents = YES;
				INFOPLIST_KEY_UILaunchScreen_Generation = YES;
				INFOPLIST_KEY_UISupportedInterfaceOrientations_iPad = "UIInterfaceOrientationPortrait UIInterfaceOrientationPortraitUpsideDown UIInterfaceOrientationLandscapeLeft UIInterfaceOrientationLandscapeRight";
				INFOPLIST_KEY_UISupportedInterfaceOrientations_iPhone = "UIInterfaceOrientationPortrait UIInterfaceOrientationLandscapeLeft UIInterfaceOrientationLandscapeRight";
				LD_RUNPATH_SEARCH_PATHS = (
					"$(inherited)",
					"@executable_path/Frameworks",
				);
				MARKETING_VERSION = 1.0;
				PRODUCT_BUNDLE_IDENTIFIER = HMB.Scents;
				PRODUCT_NAME = "$(TARGET_NAME)";
				SWIFT_EMIT_LOC_STRINGS = YES;
				SWIFT_VERSION = 5.0;
				TARGETED_DEVICE_FAMILY = "1,2";
			};
			name = Debug;
		};
		10C0D0E62BCE098400CCE543 /* Release */ = {
			isa = XCBuildConfiguration;
			buildSettings = {
				ASSETCATALOG_COMPILER_APPICON_NAME = AppIcon;
				ASSETCATALOG_COMPILER_GLOBAL_ACCENT_COLOR_NAME = AccentColor;
				CODE_SIGN_STYLE = Automatic;
				CURRENT_PROJECT_VERSION = 1;
				DEVELOPMENT_ASSET_PATHS = "\"Scents/Preview Content\"";
				ENABLE_PREVIEWS = YES;
				GENERATE_INFOPLIST_FILE = YES;
				INFOPLIST_KEY_UIApplicationSceneManifest_Generation = YES;
				INFOPLIST_KEY_UIApplicationSupportsIndirectInputEvents = YES;
				INFOPLIST_KEY_UILaunchScreen_Generation = YES;
				INFOPLIST_KEY_UISupportedInterfaceOrientations_iPad = "UIInterfaceOrientationPortrait UIInterfaceOrientationPortraitUpsideDown UIInterfaceOrientationLandscapeLeft UIInterfaceOrientationLandscapeRight";
				INFOPLIST_KEY_UISupportedInterfaceOrientations_iPhone = "UIInterfaceOrientationPortrait UIInterfaceOrientationLandscapeLeft UIInterfaceOrientationLandscapeRight";
				LD_RUNPATH_SEARCH_PATHS = (
					"$(inherited)",
					"@executable_path/Frameworks",
				);
				MARKETING_VERSION = 1.0;
				PRODUCT_BUNDLE_IDENTIFIER = HMB.Scents;
				PRODUCT_NAME = "$(TARGET_NAME)";
				SWIFT_EMIT_LOC_STRINGS = YES;
				SWIFT_VERSION = 5.0;
				TARGETED_DEVICE_FAMILY = "1,2";
			};
			name = Release;
		};
		10C0D0E82BCE098400CCE543 /* Debug */ = {
			isa = XCBuildConfiguration;
			buildSettings = {
				ALWAYS_EMBED_SWIFT_STANDARD_LIBRARIES = YES;
				BUNDLE_LOADER = "$(TEST_HOST)";
				CODE_SIGN_STYLE = Automatic;
				CURRENT_PROJECT_VERSION = 1;
				GENERATE_INFOPLIST_FILE = YES;
				IPHONEOS_DEPLOYMENT_TARGET = 17.2;
				MARKETING_VERSION = 1.0;
				PRODUCT_BUNDLE_IDENTIFIER = HMB.ScentsTests;
				PRODUCT_NAME = "$(TARGET_NAME)";
				SWIFT_EMIT_LOC_STRINGS = NO;
				SWIFT_VERSION = 5.0;
				TARGETED_DEVICE_FAMILY = "1,2";
				TEST_HOST = "$(BUILT_PRODUCTS_DIR)/Scents.app/$(BUNDLE_EXECUTABLE_FOLDER_PATH)/Scents";
			};
			name = Debug;
		};
		10C0D0E92BCE098400CCE543 /* Release */ = {
			isa = XCBuildConfiguration;
			buildSettings = {
				ALWAYS_EMBED_SWIFT_STANDARD_LIBRARIES = YES;
				BUNDLE_LOADER = "$(TEST_HOST)";
				CODE_SIGN_STYLE = Automatic;
				CURRENT_PROJECT_VERSION = 1;
				GENERATE_INFOPLIST_FILE = YES;
				IPHONEOS_DEPLOYMENT_TARGET = 17.2;
				MARKETING_VERSION = 1.0;
				PRODUCT_BUNDLE_IDENTIFIER = HMB.ScentsTests;
				PRODUCT_NAME = "$(TARGET_NAME)";
				SWIFT_EMIT_LOC_STRINGS = NO;
				SWIFT_VERSION = 5.0;
				TARGETED_DEVICE_FAMILY = "1,2";
				TEST_HOST = "$(BUILT_PRODUCTS_DIR)/Scents.app/$(BUNDLE_EXECUTABLE_FOLDER_PATH)/Scents";
			};
			name = Release;
		};
		10C0D0EB2BCE098400CCE543 /* Debug */ = {
			isa = XCBuildConfiguration;
			buildSettings = {
				ALWAYS_EMBED_SWIFT_STANDARD_LIBRARIES = YES;
				CODE_SIGN_STYLE = Automatic;
				CURRENT_PROJECT_VERSION = 1;
				GENERATE_INFOPLIST_FILE = YES;
				MARKETING_VERSION = 1.0;
				PRODUCT_BUNDLE_IDENTIFIER = HMB.ScentsUITests;
				PRODUCT_NAME = "$(TARGET_NAME)";
				SWIFT_EMIT_LOC_STRINGS = NO;
				SWIFT_VERSION = 5.0;
				TARGETED_DEVICE_FAMILY = "1,2";
				TEST_TARGET_NAME = Scents;
			};
			name = Debug;
		};
		10C0D0EC2BCE098400CCE543 /* Release */ = {
			isa = XCBuildConfiguration;
			buildSettings = {
				ALWAYS_EMBED_SWIFT_STANDARD_LIBRARIES = YES;
				CODE_SIGN_STYLE = Automatic;
				CURRENT_PROJECT_VERSION = 1;
				GENERATE_INFOPLIST_FILE = YES;
				MARKETING_VERSION = 1.0;
				PRODUCT_BUNDLE_IDENTIFIER = HMB.ScentsUITests;
				PRODUCT_NAME = "$(TARGET_NAME)";
				SWIFT_EMIT_LOC_STRINGS = NO;
				SWIFT_VERSION = 5.0;
				TARGETED_DEVICE_FAMILY = "1,2";
				TEST_TARGET_NAME = Scents;
			};
			name = Release;
		};
/* End XCBuildConfiguration section */

/* Begin XCConfigurationList section */
		10C0D0BB2BCE098300CCE543 /* Build configuration list for PBXProject "Scents" */ = {
			isa = XCConfigurationList;
			buildConfigurations = (
				10C0D0E22BCE098400CCE543 /* Debug */,
				10C0D0E32BCE098400CCE543 /* Release */,
			);
			defaultConfigurationIsVisible = 0;
			defaultConfigurationName = Release;
		};
		10C0D0E42BCE098400CCE543 /* Build configuration list for PBXNativeTarget "Scents" */ = {
			isa = XCConfigurationList;
			buildConfigurations = (
				10C0D0E52BCE098400CCE543 /* Debug */,
				10C0D0E62BCE098400CCE543 /* Release */,
			);
			defaultConfigurationIsVisible = 0;
			defaultConfigurationName = Release;
		};
		10C0D0E72BCE098400CCE543 /* Build configuration list for PBXNativeTarget "ScentsTests" */ = {
			isa = XCConfigurationList;
			buildConfigurations = (
				10C0D0E82BCE098400CCE543 /* Debug */,
				10C0D0E92BCE098400CCE543 /* Release */,
			);
			defaultConfigurationIsVisible = 0;
			defaultConfigurationName = Release;
		};
		10C0D0EA2BCE098400CCE543 /* Build configuration list for PBXNativeTarget "ScentsUITests" */ = {
			isa = XCConfigurationList;
			buildConfigurations = (
				10C0D0EB2BCE098400CCE543 /* Debug */,
				10C0D0EC2BCE098400CCE543 /* Release */,
			);
			defaultConfigurationIsVisible = 0;
			defaultConfigurationName = Release;
		};
/* End XCConfigurationList section */

/* Begin XCRemoteSwiftPackageReference section */
		10C0D0F12BCE311D00CCE543 /* XCRemoteSwiftPackageReference "firebase-ios-sdk" */ = {
			isa = XCRemoteSwiftPackageReference;
			repositoryURL = "https://github.com/firebase/firebase-ios-sdk";
			requirement = {
				kind = upToNextMajorVersion;
				minimumVersion = 10.24.0;
			};
		};
/* End XCRemoteSwiftPackageReference section */

/* Begin XCSwiftPackageProductDependency section */
		10C0D0F22BCE311D00CCE543 /* FirebaseAnalytics */ = {
			isa = XCSwiftPackageProductDependency;
			package = 10C0D0F12BCE311D00CCE543 /* XCRemoteSwiftPackageReference "firebase-ios-sdk" */;
			productName = FirebaseAnalytics;
		};
		10C0D0F42BCE311D00CCE543 /* FirebaseAnalyticsOnDeviceConversion */ = {
			isa = XCSwiftPackageProductDependency;
			package = 10C0D0F12BCE311D00CCE543 /* XCRemoteSwiftPackageReference "firebase-ios-sdk" */;
			productName = FirebaseAnalyticsOnDeviceConversion;
		};
		10C0D0F62BCE311D00CCE543 /* FirebaseAnalyticsSwift */ = {
			isa = XCSwiftPackageProductDependency;
			package = 10C0D0F12BCE311D00CCE543 /* XCRemoteSwiftPackageReference "firebase-ios-sdk" */;
			productName = FirebaseAnalyticsSwift;
		};
		10C0D0F82BCE311D00CCE543 /* FirebaseAnalyticsWithoutAdIdSupport */ = {
			isa = XCSwiftPackageProductDependency;
			package = 10C0D0F12BCE311D00CCE543 /* XCRemoteSwiftPackageReference "firebase-ios-sdk" */;
			productName = FirebaseAnalyticsWithoutAdIdSupport;
		};
		10C0D0FA2BCE311D00CCE543 /* FirebaseAppCheck */ = {
			isa = XCSwiftPackageProductDependency;
			package = 10C0D0F12BCE311D00CCE543 /* XCRemoteSwiftPackageReference "firebase-ios-sdk" */;
			productName = FirebaseAppCheck;
		};
/* End XCSwiftPackageProductDependency section */
	};
	rootObject = 10C0D0B82BCE098300CCE543 /* Project object */;
}
